{
  "name": "liferay-frontend-guidelines",
  "version": "0.0.0",
  "lockfileVersion": 1,
  "requires": true,
  "dependencies": {
    "bootstrap": {
      "version": "3.3.7",
      "resolved": "https://registry.npmjs.org/bootstrap/-/bootstrap-3.3.7.tgz",
      "integrity": "sha1-WjiTlFSfIzMIdaOxUGVldPip63E=",
      "dev": true
    },
    "bootstrap-sass": {
      "version": "3.3.7",
      "resolved": "https://registry.npmjs.org/bootstrap-sass/-/bootstrap-sass-3.3.7.tgz",
      "integrity": "sha1-ZZbHq0D2Y3OTMjqwvIDQZPxjBJg=",
      "dev": true
    },
    "electric-base-components": {
      "version": "2.0.0",
      "resolved": "https://registry.npmjs.org/electric-base-components/-/electric-base-components-2.0.0.tgz",
      "integrity": "sha512-iLCqw0yXibx5AIfLlyJv9TZIww1Cxogn58972QL2M4qBpgLkMy8j6Mq/flZLdT83bvnz4mDdaUv1Wg1E9NkPSw==",
      "dev": true,
      "requires": {
        "metal-affix": "2.0.0",
        "metal-ajax": "2.1.1",
        "metal-autocomplete": "2.1.0",
        "metal-clipboard": "2.0.0",
        "metal-reading-progress": "2.0.0",
        "metal-tabs": "2.3.1",
        "metal-toggler": "2.2.0",
        "metal-tooltip": "2.0.3"
      }
    },
    "electric-marble-components": {
      "version": "2.0.1",
      "resolved": "https://registry.npmjs.org/electric-marble-components/-/electric-marble-components-2.0.1.tgz",
      "integrity": "sha512-HnMAyFcf2aVNY+y7rAUOK/0A2dIM5GZntubsCl3bIsfWH0upzKlEjjMJgYR/gxUoKuvJOi82+6REFFUBS2b9Rw==",
      "dev": true,
      "requires": {
        "electric-base-components": "2.0.0"
      }
    },
    "html2incdom": {
      "version": "0.1.8",
      "resolved": "https://registry.npmjs.org/html2incdom/-/html2incdom-0.1.8.tgz",
      "integrity": "sha1-fiFFpaYKu0X6oopKrwmaP/KK91Y=",
      "dev": true
    },
    "incremental-dom": {
      "version": "0.5.1",
      "resolved": "https://registry.npmjs.org/incremental-dom/-/incremental-dom-0.5.1.tgz",
      "integrity": "sha1-UvRTnD6e7nzREqbaBS+3Fi/vsMM=",
      "dev": true
    },
    "incremental-dom-string": {
      "version": "0.0.2",
      "resolved": "https://registry.npmjs.org/incremental-dom-string/-/incremental-dom-string-0.0.2.tgz",
      "integrity": "sha512-vh6cTsw+fQNljhNg3/iDuawNjk79CS1sEqucal1DJY+aco/Mgpi+xjkUFMED41f6nzu1V0ialfC84wcW9nqZ2w==",
      "dev": true
    },
    "marble": {
      "version": "2.7.11",
      "resolved": "https://registry.npmjs.org/marble/-/marble-2.7.11.tgz",
      "integrity": "sha1-EojUc9Dx4KclAgjJ4eEKRKpE29I=",
      "dev": true,
      "requires": {
        "bootstrap-sass": "3.3.7",
        "mathsass": "0.9.5"
      }
    },
    "mathsass": {
      "version": "0.9.5",
      "resolved": "https://registry.npmjs.org/mathsass/-/mathsass-0.9.5.tgz",
      "integrity": "sha1-pj6+AiFx6vguPVe18q09aH40ej4=",
      "dev": true
    },
    "metal": {
      "version": "2.13.2",
      "resolved": "https://registry.npmjs.org/metal/-/metal-2.13.2.tgz",
      "integrity": "sha512-DqETxwvyW5I/3blSlxrr1eleLaLHItK1VJcGIL6hAVqSlUpYw0r+RXd8qWfIq6TMdjCU3/x/oGmWZyk+O4SZJw==",
      "dev": true
    },
    "metal-affix": {
      "version": "2.0.0",
      "resolved": "https://registry.npmjs.org/metal-affix/-/metal-affix-2.0.0.tgz",
      "integrity": "sha1-FsTZFKYn0VIyoid2aRvyqxsM3jc=",
      "dev": true,
      "requires": {
        "metal": "2.13.2",
        "metal-dom": "2.13.2",
        "metal-events": "2.13.2",
        "metal-position": "2.1.0",
        "metal-state": "2.13.2"
      }
    },
    "metal-ajax": {
      "version": "2.1.1",
      "resolved": "https://registry.npmjs.org/metal-ajax/-/metal-ajax-2.1.1.tgz",
      "integrity": "sha512-r61ku32uivdaBd3joWrTiGV2kyG9Nvpt4gq4Npo/9MDWj2Tcm4xk2PZ7iKpIAF88JD4dwW+etjgK5Il3SzC9+g==",
      "dev": true,
      "requires": {
        "metal": "2.13.2",
        "metal-promise": "2.0.1",
        "metal-uri": "2.3.0"
      }
    },
    "metal-autocomplete": {
      "version": "2.1.0",
      "resolved": "https://registry.npmjs.org/metal-autocomplete/-/metal-autocomplete-2.1.0.tgz",
      "integrity": "sha1-G1BD6BFfUSnqmzlRGLSNn+WqyzA=",
      "dev": true,
      "requires": {
        "bootstrap": "3.3.7",
        "metal": "2.13.2",
        "metal-component": "2.13.2",
        "metal-debounce": "2.0.0",
        "metal-dom": "2.13.2",
        "metal-events": "2.13.2",
        "metal-list": "2.0.4",
        "metal-position": "2.1.0",
        "metal-promise": "2.0.1",
        "metal-soy": "2.13.2"
      }
    },
    "metal-clipboard": {
      "version": "2.0.0",
      "resolved": "https://registry.npmjs.org/metal-clipboard/-/metal-clipboard-2.0.0.tgz",
      "integrity": "sha1-wMmWova4H4QZfIbQ4iuBxmBe5fA=",
      "dev": true,
      "requires": {
        "metal": "2.13.2",
        "metal-dom": "2.13.2",
        "metal-state": "2.13.2"
      }
    },
    "metal-component": {
      "version": "2.13.2",
      "resolved": "https://registry.npmjs.org/metal-component/-/metal-component-2.13.2.tgz",
      "integrity": "sha512-xLKyApJ+TGZg3zIC7VltqIAz3RFWGHPe+JzmjQjD11iW30W35+XQ3lHxJHgg0RvoRdZOsY9qRIzX0jsZB5Gh0g==",
      "dev": true,
      "requires": {
        "metal": "2.13.2",
        "metal-dom": "2.13.2",
        "metal-events": "2.13.2",
        "metal-state": "2.13.2"
      }
    },
    "metal-debounce": {
      "version": "2.0.0",
      "resolved": "https://registry.npmjs.org/metal-debounce/-/metal-debounce-2.0.0.tgz",
      "integrity": "sha1-JM9lmo94hKWepDGeIQc0KT2U8K0=",
      "dev": true
    },
    "metal-dom": {
      "version": "2.13.2",
      "resolved": "https://registry.npmjs.org/metal-dom/-/metal-dom-2.13.2.tgz",
      "integrity": "sha512-RoqboMluZV9Sg4xcpgLV3/MVKP/NZyBfDCs4AcJ+6K8tusarF+AJ8AcMfU8Al7PB1AoYsIz6qNWZx/OG+xEoWA==",
      "dev": true,
      "requires": {
        "metal": "2.13.2",
        "metal-events": "2.13.2"
      }
    },
    "metal-events": {
      "version": "2.13.2",
      "resolved": "https://registry.npmjs.org/metal-events/-/metal-events-2.13.2.tgz",
      "integrity": "sha512-iEuqr5+T87Bq114wV/okNzwS25i/c4jqmIZ6IBLPFTD1Gxbk6qEiklnWf7Z2iVbqPYOz+2LgL130Nt2U4eb9tA==",
      "dev": true,
      "requires": {
        "metal": "2.13.2"
      }
    },
    "metal-incremental-dom": {
      "version": "2.13.2",
      "resolved": "https://registry.npmjs.org/metal-incremental-dom/-/metal-incremental-dom-2.13.2.tgz",
      "integrity": "sha512-R3cLV98w843YtIWlssrs3/Q1m7QyD5I+p2komGDKdHUMqi0uvuAYN9mOVMI4Ni77xF9nHTv4yVF32a9JHm+gRA==",
      "dev": true,
      "requires": {
        "incremental-dom": "0.5.1",
        "incremental-dom-string": "0.0.2",
        "metal": "2.13.2",
        "metal-component": "2.13.2",
        "metal-dom": "2.13.2"
      }
    },
    "metal-keyboard-focus": {
      "version": "2.0.1",
      "resolved": "https://registry.npmjs.org/metal-keyboard-focus/-/metal-keyboard-focus-2.0.1.tgz",
      "integrity": "sha1-MjcExH2TtkD61ZmsZaDo3uWlBF8=",
      "dev": true,
      "requires": {
        "metal": "2.13.2",
        "metal-events": "2.13.2"
      }
    },
    "metal-list": {
      "version": "2.0.4",
      "resolved": "https://registry.npmjs.org/metal-list/-/metal-list-2.0.4.tgz",
      "integrity": "sha1-A4cIoyfMOkzuAahwgG6Ls0DToQI=",
      "dev": true,
      "requires": {
        "bootstrap": "3.3.7",
        "metal": "2.13.2",
        "metal-component": "2.13.2",
        "metal-dom": "2.13.2",
        "metal-soy": "2.13.2"
      }
    },
    "metal-position": {
      "version": "2.1.0",
      "resolved": "https://registry.npmjs.org/metal-position/-/metal-position-2.1.0.tgz",
      "integrity": "sha1-MdxzVhP55TznpTfhMCn8DpSP8IU=",
      "dev": true,
      "requires": {
        "metal": "2.13.2",
        "metal-dom": "2.13.2"
      }
    },
    "metal-promise": {
      "version": "2.0.1",
      "resolved": "https://registry.npmjs.org/metal-promise/-/metal-promise-2.0.1.tgz",
      "integrity": "sha1-KP9DIQ5MaeX/9R2/IB5K4v5vg9U=",
      "dev": true,
      "requires": {
        "metal": "2.13.2"
      }
    },
    "metal-reading-progress": {
      "version": "2.0.0",
      "resolved": "https://registry.npmjs.org/metal-reading-progress/-/metal-reading-progress-2.0.0.tgz",
      "integrity": "sha1-Kr93KnxznWJ5uQy5PeWC+lW5SA4=",
      "dev": true,
      "requires": {
        "metal-scrollspy": "2.0.0",
        "metal-soy": "2.13.2"
      }
    },
    "metal-scrollspy": {
      "version": "2.0.0",
      "resolved": "https://registry.npmjs.org/metal-scrollspy/-/metal-scrollspy-2.0.0.tgz",
      "integrity": "sha1-l7ISba+E4DzdjyeGmM4JA34cVHk=",
      "dev": true,
      "requires": {
        "bootstrap": "3.3.7",
        "metal": "2.13.2",
        "metal-dom": "2.13.2",
        "metal-position": "2.1.0",
        "metal-state": "2.13.2"
      }
    },
    "metal-soy": {
      "version": "2.13.2",
      "resolved": "https://registry.npmjs.org/metal-soy/-/metal-soy-2.13.2.tgz",
      "integrity": "sha512-mDSrWaYARDPruCaWMDpvJZ73kC9Vh091Hr72EJ3WB6C0o6R5T3FwkEV37xHdMENIT080bVOXuCLyHm1LlemGYw==",
      "dev": true,
      "requires": {
        "html2incdom": "0.1.8",
        "metal": "2.13.2",
        "metal-component": "2.13.2",
        "metal-dom": "2.13.2",
        "metal-incremental-dom": "2.13.2",
        "metal-soy-bundle": "2.13.2",
        "metal-state": "2.13.2"
      }
    },
    "metal-soy-bundle": {
      "version": "2.13.2",
      "resolved": "https://registry.npmjs.org/metal-soy-bundle/-/metal-soy-bundle-2.13.2.tgz",
      "integrity": "sha512-f/tlLf7icqOu4hOKPqLyPVmfFdrO/8vZ2Ux8GrpsoPOvXvPlO67bofVulS1OBcc4wz5xXPmYEwp5rAMXP4B9hg==",
      "dev": true,
      "requires": {
        "metal-incremental-dom": "2.13.2"
      }
    },
    "metal-state": {
      "version": "2.13.2",
      "resolved": "https://registry.npmjs.org/metal-state/-/metal-state-2.13.2.tgz",
      "integrity": "sha512-zHbcEBkJGpfZZP2eOdeBeLUzpcBv24/Wt+Van/yd1o2FnCk5COVkAXAOwYWJT97T4Xle2G9+c2hPFYcIxRFM1w==",
      "dev": true,
      "requires": {
        "metal": "2.13.2",
        "metal-events": "2.13.2"
      }
    },
    "metal-structs": {
      "version": "1.0.1",
      "resolved": "https://registry.npmjs.org/metal-structs/-/metal-structs-1.0.1.tgz",
      "integrity": "sha1-VIJy9xjunXKeMHm3Sj8SVBQ9t1s=",
      "dev": true,
      "requires": {
        "metal": "2.13.2"
      }
    },
    "metal-tabs": {
      "version": "2.3.1",
      "resolved": "https://registry.npmjs.org/metal-tabs/-/metal-tabs-2.3.1.tgz",
      "integrity": "sha512-xqt/bjzFt7ERsFwk39aaYeZBYcr5MEweXsiKHrloIXOtes8rG1rBEs0yrTjABXGDOa+EAMUERjpp7qyLBbvShQ==",
      "dev": true,
      "requires": {
        "metal-component": "2.13.2",
        "metal-keyboard-focus": "2.0.1",
        "metal-soy": "2.13.2"
      }
    },
    "metal-toggler": {
      "version": "2.2.0",
      "resolved": "https://registry.npmjs.org/metal-toggler/-/metal-toggler-2.2.0.tgz",
      "integrity": "sha1-svpGs/S8PQVOYWMM4+SItR+Dn5U=",
      "dev": true,
      "requires": {
        "bootstrap": "3.3.7",
        "metal": "2.13.2",
        "metal-dom": "2.13.2",
        "metal-events": "2.13.2",
        "metal-state": "2.13.2"
      }
    },
    "metal-tooltip": {
      "version": "2.0.3",
      "resolved": "https://registry.npmjs.org/metal-tooltip/-/metal-tooltip-2.0.3.tgz",
      "integrity": "sha1-FNJvszhgyB4A+DaWe0ivtdkQh1M=",
      "dev": true,
      "requires": {
        "bootstrap": "3.3.7",
        "metal": "2.13.2",
        "metal-component": "2.13.2",
        "metal-dom": "2.13.2",
        "metal-events": "2.13.2",
        "metal-position": "2.1.0",
        "metal-soy": "2.13.2"
      }
    },
    "metal-uri": {
      "version": "2.3.0",
      "resolved": "https://registry.npmjs.org/metal-uri/-/metal-uri-2.3.0.tgz",
      "integrity": "sha512-VH6/ultiYrLiBhanYJNMO6klcTl3Gv1rOeOA1YNk5pvbAkMJP+z7fDS5Z8Or3hsoqwTGqBnEiWEdGwbZrM2WGw==",
      "dev": true,
      "requires": {
        "metal": "2.13.2",
        "metal-structs": "1.0.1",
        "path-browserify": "0.0.0",
        "url": "0.11.0"
      }
    },
    "path-browserify": {
      "version": "0.0.0",
      "resolved": "https://registry.npmjs.org/path-browserify/-/path-browserify-0.0.0.tgz",
      "integrity": "sha1-oLhwcpquIUAFt9UDLsLLuw+0RRo=",
      "dev": true
    },
    "punycode": {
      "version": "1.3.2",
      "resolved": "https://registry.npmjs.org/punycode/-/punycode-1.3.2.tgz",
      "integrity": "sha1-llOgNvt8HuQjQvIyXM7v6jkmxI0=",
      "dev": true
    },
    "querystring": {
      "version": "0.2.0",
      "resolved": "https://registry.npmjs.org/querystring/-/querystring-0.2.0.tgz",
      "integrity": "sha1-sgmEkgO7Jd+CDadW50cAWHhSFiA=",
      "dev": true
    },
    "url": {
      "version": "0.11.0",
      "resolved": "https://registry.npmjs.org/url/-/url-0.11.0.tgz",
      "integrity": "sha1-ODjpfPxgUh63PFJajlW/3Z4uKPE=",
      "dev": true,
      "requires": {
        "punycode": "1.3.2",
        "querystring": "0.2.0"
      }
    }
  }
}
