# THIS IS AN AUTOGENERATED FILE. DO NOT EDIT THIS FILE DIRECTLY.
# yarn lockfile v1


"@ckeditor/ckeditor5-core@48.2.0":
  version "48.2.0"
  resolved "https://registry.yarnpkg.com/@ckeditor/ckeditor5-core/-/ckeditor5-core-48.2.0.tgz#3075df68b5d097471e27e59050422af64be9a34f"
  integrity sha512-ooTO/BxSF2hx4MKcihq4zFWiNOGO8bVN8fE2I/El6qdnHaTV+brZwd5Ge0ykxEpy7uydmqGNeeoywMnY4j2I/A==
  dependencies:
    "@ckeditor/ckeditor5-engine" "48.2.0"
    "@ckeditor/ckeditor5-ui" "48.2.0"
    "@ckeditor/ckeditor5-utils" "48.2.0"
    "@ckeditor/ckeditor5-watchdog" "48.2.0"
    es-toolkit "1.45.1"

"@ckeditor/ckeditor5-editor-multi-root@48.2.0":
  version "48.2.0"
  resolved "https://registry.yarnpkg.com/@ckeditor/ckeditor5-editor-multi-root/-/ckeditor5-editor-multi-root-48.2.0.tgz#54634612f00db8f0378b2275e47317f8622cbd90"
  integrity sha512-PkLK5OCanAZ3wjG5pR4bCfzH/UkKD0UTAOfgmOAt3+9ORXReiSQmt5p4npkDnpr60wQ/9dkAx+bCF5FhvM/RxA==
  dependencies:
    "@ckeditor/ckeditor5-core" "48.2.0"
    "@ckeditor/ckeditor5-engine" "48.2.0"
    "@ckeditor/ckeditor5-ui" "48.2.0"
    "@ckeditor/ckeditor5-utils" "48.2.0"
    es-toolkit "1.45.1"

"@ckeditor/ckeditor5-engine@48.2.0":
  version "48.2.0"
  resolved "https://registry.yarnpkg.com/@ckeditor/ckeditor5-engine/-/ckeditor5-engine-48.2.0.tgz#1966fe5168e292dcca8f129e189c3e5baebaec45"
  integrity sha512-80ku17bnA+U8JHrTMPMSyDZY0B9RRogfGqEw8hYhOHj6N96sbMNXQyvnnSh/szwPyAIDo2cTgbOlKkqUNn+4rA==
  dependencies:
    "@ckeditor/ckeditor5-utils" "48.2.0"
    es-toolkit "1.45.1"

"@ckeditor/ckeditor5-icons@48.2.0":
  version "48.2.0"
  resolved "https://registry.yarnpkg.com/@ckeditor/ckeditor5-icons/-/ckeditor5-icons-48.2.0.tgz#f3f1f28432ffd03b14b52edc2a77a9b0e5016301"
  integrity sha512-w5WVrweq8iaXhf7msnZ9b9GtlGSM1jQe6jvezVs+X4OkZd+QMkkQ+ROPp1TZniXLUKx3+Q872KUPxsl9FBSMMg==

"@ckeditor/ckeditor5-ui@48.2.0":
  version "48.2.0"
  resolved "https://registry.yarnpkg.com/@ckeditor/ckeditor5-ui/-/ckeditor5-ui-48.2.0.tgz#76d7b6aa8537ba18022b4b96d17396fc42bf8618"
  integrity sha512-J43uo8TPR5awC8fw7CBlgx+tXGiyD2kuomELEJeaeoOw26ADEpLfnYZKlB1mb+VKnXJ43IHuqv/6GFF1hPKhpg==
  dependencies:
    "@ckeditor/ckeditor5-core" "48.2.0"
    "@ckeditor/ckeditor5-editor-multi-root" "48.2.0"
    "@ckeditor/ckeditor5-engine" "48.2.0"
    "@ckeditor/ckeditor5-icons" "48.2.0"
    "@ckeditor/ckeditor5-utils" "48.2.0"
    "@types/color-convert" "2.0.4"
    color-convert "3.1.0"
    color-parse "2.0.2"
    es-toolkit "1.45.1"
    vanilla-colorful "0.7.2"

"@ckeditor/ckeditor5-utils@48.2.0":
  version "48.2.0"
  resolved "https://registry.yarnpkg.com/@ckeditor/ckeditor5-utils/-/ckeditor5-utils-48.2.0.tgz#49be7348d74a3df8fdf9d6165a637b81e33dd25e"
  integrity sha512-htCvovEGW2MCKnnX8T0jwoxGqsLiwBp8wg65sr5nXx8i+B9IUAHZlnIK1VNE8g1ZLl1qhoaQTpbQTL12W5sTTw==
  dependencies:
    "@ckeditor/ckeditor5-ui" "48.2.0"
    es-toolkit "1.45.1"

"@ckeditor/ckeditor5-watchdog@48.2.0":
  version "48.2.0"
  resolved "https://registry.yarnpkg.com/@ckeditor/ckeditor5-watchdog/-/ckeditor5-watchdog-48.2.0.tgz#0e9958d86fef9222a8659bd14341d1e1af2c7a1a"
  integrity sha512-o8i6a20WzgxGOqk2ZYgithtDyfVjNog7I/NECsDFyEU1u8hkrO/IdYblUOEFQgT8QySIcUBKiV+5fA8wZSv+XA==
  dependencies:
    "@ckeditor/ckeditor5-core" "48.2.0"
    "@ckeditor/ckeditor5-engine" "48.2.0"
    "@ckeditor/ckeditor5-utils" "48.2.0"
    es-toolkit "1.45.1"

"@ckeditor/ckeditor5-word-count@*":
  version "48.2.0"
  resolved "https://registry.yarnpkg.com/@ckeditor/ckeditor5-word-count/-/ckeditor5-word-count-48.2.0.tgz#806cba7d99af92156eff94ce61ddfb3f27e5a0d4"
  integrity sha512-CzXyNmkd2nqo9TR+JeQQWPXSh8sP3akqaKy5OUMlDee7l849heOn+q6mMesqzWxySdq51cy/YgfHOJnfWuv2eA==
  dependencies:
    "@ckeditor/ckeditor5-core" "48.2.0"
    "@ckeditor/ckeditor5-engine" "48.2.0"
    "@ckeditor/ckeditor5-ui" "48.2.0"
    "@ckeditor/ckeditor5-utils" "48.2.0"
    es-toolkit "1.45.1"

"@types/color-convert@2.0.4":
  version "2.0.4"
  resolved "https://registry.yarnpkg.com/@types/color-convert/-/color-convert-2.0.4.tgz#843398ae71e951dc5415d202dfd5e43108823eeb"
  integrity sha512-Ub1MmDdyZ7mX//g25uBAoH/mWGd9swVbt8BseymnaE18SU4po/PjmCrHxqIIRjBo3hV/vh1KGr0eMxUhp+t+dQ==
  dependencies:
    "@types/color-name" "^1.1.0"

"@types/color-name@^1.1.0":
  version "1.1.5"
  resolved "https://registry.yarnpkg.com/@types/color-name/-/color-name-1.1.5.tgz#3a3510c4e3661f7707c5ae9c67d726986e6e147d"
  integrity sha512-j2K5UJqGTxeesj6oQuGpMgifpT5k9HprgQd8D1Y0lOFqKHl3PJu5GMeS4Y5EgjS55AE6OQxf8mPED9uaGbf4Cg==

color-convert@3.1.0:
  version "3.1.0"
  resolved "https://registry.yarnpkg.com/color-convert/-/color-convert-3.1.0.tgz#ce16ebb832f9d7522649ed9e11bc0ccb9433a524"
  integrity sha512-TVoqAq8ZDIpK5lsQY874DDnu65CSsc9vzq0wLpNQ6UMBq81GSZocVazPiBbYGzngzBOIRahpkTzCLVe2at4MfA==
  dependencies:
    color-name "^2.0.0"

color-name@^2.0.0:
  version "2.1.0"
  resolved "https://registry.yarnpkg.com/color-name/-/color-name-2.1.0.tgz#0b677385c1c4b4edfdeaf77e38fa338e3a40b693"
  integrity sha512-1bPaDNFm0axzE4MEAzKPuqKWeRaT43U/hyxKPBdqTfmPF+d6n7FSoTFxLVULUJOmiLp01KjhIPPH+HrXZJN4Rg==

color-parse@2.0.2:
  version "2.0.2"
  resolved "https://registry.yarnpkg.com/color-parse/-/color-parse-2.0.2.tgz#37b46930424924060988edf25b24e6ffb4a1dc3f"
  integrity sha512-eCtOz5w5ttWIUcaKLiktF+DxZO1R9KLNY/xhbV6CkhM7sR3GhVghmt6X6yOnzeaM24po+Z9/S1apbXMwA3Iepw==
  dependencies:
    color-name "^2.0.0"

es-toolkit@1.45.1:
  version "1.45.1"
  resolved "https://registry.yarnpkg.com/es-toolkit/-/es-toolkit-1.45.1.tgz#21b28b2bd43178fd4c9c937c445d5bcaccce907b"
  integrity sha512-/jhoOj/Fx+A+IIyDNOvO3TItGmlMKhtX8ISAHKE90c4b/k1tqaqEZ+uUqfpU8DMnW5cgNJv606zS55jGvza0Xw==

typescript@^5.0.0:
  version "5.9.3"
  resolved "https://registry.yarnpkg.com/typescript/-/typescript-5.9.3.tgz#5b4f59e15310ab17a216f5d6cf53ee476ede670f"
  integrity sha512-jl1vZzPDinLr9eUt3J/t7V6FgNEw9QjvBPdysz9KfQDD41fQrC2Y4vKQdiaUpFT4bXlb1RHhLpp8wtm6M5TgSw==

vanilla-colorful@0.7.2:
  version "0.7.2"
  resolved "https://registry.yarnpkg.com/vanilla-colorful/-/vanilla-colorful-0.7.2.tgz#3fb1f4b9f15b797e20fd1ce8e0364f33b073f4a2"
  integrity sha512-z2YZusTFC6KnLERx1cgoIRX2CjPRP0W75N+3CC6gbvdX5Ch47rZkEMGO2Xnf+IEmi3RiFLxS18gayMA27iU7Kg==
