{
	"name": "liferay-jest-junit-reporter",
	"version": "0.0.4",
	"lockfileVersion": 1,
	"requires": true,
	"dependencies": {
		"ansi-regex": {
			"version": "4.0.0",
			"resolved": "https://registry.npmjs.org/ansi-regex/-/ansi-regex-4.0.0.tgz",
			"integrity": "sha512-iB5Dda8t/UqpPI/IjsejXu5jOGDrzn41wJyljwPH65VCIbk6+1BzFIMJGFwTNrYXT1CrD+B4l19U7awiQ8rk7w=="
		},
		"prettier": {
			"version": "1.16.0",
			"resolved": "https://registry.npmjs.org/prettier/-/prettier-1.16.0.tgz",
			"integrity": "sha512-MCBCYeAuZfejUPdEpkleLWvpRBwLii/Sp5jQs0eb8Ul/drGIDjkL6tAU24tk6yCGf0KPV5rhPPPlczfBmN2pWQ==",
			"dev": true
		},
		"strip-ansi": {
			"version": "5.0.0",
			"resolved": "https://registry.npmjs.org/strip-ansi/-/strip-ansi-5.0.0.tgz",
			"integrity": "sha512-Uu7gQyZI7J7gn5qLn1Np3G9vcYGTVqB+lFTytnDJv83dd8T22aGH451P3jueT2/QemInJDfxHB5Tde5OzgG1Ow==",
			"requires": {
				"ansi-regex": "4.0.0"
			}
		},
		"xml": {
			"version": "1.0.1",
			"resolved": "https://registry.npmjs.org/xml/-/xml-1.0.1.tgz",
			"integrity": "sha1-eLpyAgApxbyHuKgaPPzXS0ovweU="
		}
	}
}
