{
  "name": "liferay-jest-junit-reporter",
  "version": "0.0.4",
  "lockfileVersion": 1,
  "requires": true,
  "dependencies": {
    "prettier": {
      "version": "1.16.0",
      "resolved": "https://registry.npmjs.org/prettier/-/prettier-1.16.0.tgz",
      "integrity": "sha512-MCBCYeAuZfejUPdEpkleLWvpRBwLii/Sp5jQs0eb8Ul/drGIDjkL6tAU24tk6yCGf0KPV5rhPPPlczfBmN2pWQ==",
      "dev": true
    },
    "xml": {
      "version": "1.0.1",
      "resolved": "https://registry.npmjs.org/xml/-/xml-1.0.1.tgz",
      "integrity": "sha1-eLpyAgApxbyHuKgaPPzXS0ovweU="
    }
  }
}
